# This file was autogenerated by Stack.
# You should not edit this file by hand.
# For more information, please see the documentation at:
#   https://docs.haskellstack.org/en/stable/lock_files

packages:
- completed:
    hackage: free-foil-0.1.0@sha256:c762b0f0373b08d0c67c73384573d3a8f652278bab0ab380cc9f7c9bd35f372f,3134
    pantry-tree:
      sha256: 2baf3c3cbe18a4a618ef839d534907b306151b2d7da4bf1ba8da93030c157779
      size: 1688
  original:
    hackage: free-foil-0.1.0
snapshots:
- completed:
    sha256: 60372fd94e0c083c6484f17181fd5634e530550a14be00a4c032862c514bd802
    size: 650422
    url: https://raw.githubusercontent.com/commercialhaskell/stackage-snapshots/master/nightly/2024/6/18.yaml
  original: nightly-2024-06-18
